
Microsoft Visual Studio Solution File, Format Version 12.00
# Visual Studio Version 17
VisualStudioVersion = 17.3.32901.215
MinimumVisualStudioVersion = 10.0.40219.1
Project("{9A19103F-16F7-4668-BE54-9A1E7A4F7556}") = "TestJeux", "TestJeux\TestJeux.csproj", "{93682DDF-8809-41B2-B462-D63CD0D6A797}"
EndProject
Project("{9A19103F-16F7-4668-BE54-9A1E7A4F7556}") = "TestJeux.Display", "TestJeux.Display\TestJeux.Display.csproj", "{779C608C-B8C7-48A4-959D-BDC198F0F8CF}"
EndProject
Project("{9A19103F-16F7-4668-BE54-9A1E7A4F7556}") = "TestJeux.API", "TestJeux.API\TestJeux.API.csproj", "{FBD062C7-CC0B-4C75-A3B5-FB6FF19219E2}"
EndProject
Project("{9A19103F-16F7-4668-BE54-9A1E7A4F7556}") = "TestJeux.Business", "TestJeux.Business\TestJeux.Business.csproj", "{8899D6F3-4E01-49DD-A3D8-D53080EFB3E7}"
EndProject
Project("{9A19103F-16F7-4668-BE54-9A1E7A4F7556}") = "Test.Jeux.Data", "Test.Jeux.Data\Test.Jeux.Data.csproj", "{58193E71-8A8B-4203-8EE5-D78A1F05C5AC}"
EndProject
Project("{9A19103F-16F7-4668-BE54-9A1E7A4F7556}") = "LevelEditor.wpf", "LevelEditor\LevelEditor.wpf.csproj", "{55308D31-4F26-4A6F-9842-5AE6456C6FE2}"
EndProject
Project("{9A19103F-16F7-4668-BE54-9A1E7A4F7556}") = "LevelEditor.asp", "LevelEditor.asp\LevelEditor.asp.csproj", "{919ACD47-6067-4A3A-AA29-A33DFF3A45C7}"
EndProject
Project("{9A19103F-16F7-4668-BE54-9A1E7A4F7556}") = "TestBusiness", "TestBusiness\TestBusiness.csproj", "{F8EFB9F9-4407-4575-9437-7C7FE5712F43}"
EndProject
Project("{2150E333-8FDC-42A3-9474-1A3956D46DE8}") = "Tests", "Tests", "{49305B13-1538-4784-9DE9-576BD5EE9BFE}"
EndProject
Project("{2150E333-8FDC-42A3-9474-1A3956D46DE8}") = "Presentation", "Presentation", "{87143600-5DC9-47BF-B4B1-0FF2B94D43F4}"
EndProject
Project("{2150E333-8FDC-42A3-9474-1A3956D46DE8}") = "Editors", "Editors", "{5F24E93E-3151-40B3-8332-726A9696C00D}"
EndProject
Project("{2150E333-8FDC-42A3-9474-1A3956D46DE8}") = "API", "API", "{DCCB2D48-F2AE-434D-A880-38031E760CBA}"
EndProject
Project("{2150E333-8FDC-42A3-9474-1A3956D46DE8}") = "DAL", "DAL", "{0DB2904A-3016-4990-A9F0-7D3B1BE3B1C9}"
EndProject
Project("{2150E333-8FDC-42A3-9474-1A3956D46DE8}") = "Business", "Business", "{5CFE27C1-6753-46F8-9BC5-C842B9460751}"
EndProject
Project("{2150E333-8FDC-42A3-9474-1A3956D46DE8}") = "SharedKernel", "SharedKernel", "{361FD641-97F1-4E13-9A7C-F95A03FAF544}"
EndProject
Project("{9A19103F-16F7-4668-BE54-9A1E7A4F7556}") = "TestJeux.SharedKernel", "TestJeux.SharedKernel\TestJeux.SharedKernel.csproj", "{143CF959-AB9C-4FA5-88B3-FE1C0409091A}"
EndProject
Project("{9A19103F-16F7-4668-BE54-9A1E7A4F7556}") = "TestJeux.Core", "TestJeux.Core\TestJeux.Core.csproj", "{AA6A2250-F91D-45CE-B8C5-968D8156FBC7}"
EndProject
Project("{2150E333-8FDC-42A3-9474-1A3956D46DE8}") = "Cores", "Cores", "{E0AA0C83-5606-4C1E-8B13-6CD7D91A2024}"
EndProject
Global
	GlobalSection(SolutionConfigurationPlatforms) = preSolution
		Debug|Any CPU = Debug|Any CPU
		Release|Any CPU = Release|Any CPU
	EndGlobalSection
	GlobalSection(ProjectConfigurationPlatforms) = postSolution
		{93682DDF-8809-41B2-B462-D63CD0D6A797}.Debug|Any CPU.ActiveCfg = Debug|Any CPU
		{93682DDF-8809-41B2-B462-D63CD0D6A797}.Debug|Any CPU.Build.0 = Debug|Any CPU
		{93682DDF-8809-41B2-B462-D63CD0D6A797}.Release|Any CPU.ActiveCfg = Release|Any CPU
		{93682DDF-8809-41B2-B462-D63CD0D6A797}.Release|Any CPU.Build.0 = Release|Any CPU
		{779C608C-B8C7-48A4-959D-BDC198F0F8CF}.Debug|Any CPU.ActiveCfg = Debug|Any CPU
		{779C608C-B8C7-48A4-959D-BDC198F0F8CF}.Debug|Any CPU.Build.0 = Debug|Any CPU
		{779C608C-B8C7-48A4-959D-BDC198F0F8CF}.Release|Any CPU.ActiveCfg = Release|Any CPU
		{779C608C-B8C7-48A4-959D-BDC198F0F8CF}.Release|Any CPU.Build.0 = Release|Any CPU
		{FBD062C7-CC0B-4C75-A3B5-FB6FF19219E2}.Debug|Any CPU.ActiveCfg = Debug|Any CPU
		{FBD062C7-CC0B-4C75-A3B5-FB6FF19219E2}.Debug|Any CPU.Build.0 = Debug|Any CPU
		{FBD062C7-CC0B-4C75-A3B5-FB6FF19219E2}.Release|Any CPU.ActiveCfg = Release|Any CPU
		{FBD062C7-CC0B-4C75-A3B5-FB6FF19219E2}.Release|Any CPU.Build.0 = Release|Any CPU
		{8899D6F3-4E01-49DD-A3D8-D53080EFB3E7}.Debug|Any CPU.ActiveCfg = Debug|Any CPU
		{8899D6F3-4E01-49DD-A3D8-D53080EFB3E7}.Debug|Any CPU.Build.0 = Debug|Any CPU
		{8899D6F3-4E01-49DD-A3D8-D53080EFB3E7}.Release|Any CPU.ActiveCfg = Release|Any CPU
		{8899D6F3-4E01-49DD-A3D8-D53080EFB3E7}.Release|Any CPU.Build.0 = Release|Any CPU
		{58193E71-8A8B-4203-8EE5-D78A1F05C5AC}.Debug|Any CPU.ActiveCfg = Debug|Any CPU
		{58193E71-8A8B-4203-8EE5-D78A1F05C5AC}.Debug|Any CPU.Build.0 = Debug|Any CPU
		{58193E71-8A8B-4203-8EE5-D78A1F05C5AC}.Release|Any CPU.ActiveCfg = Release|Any CPU
		{58193E71-8A8B-4203-8EE5-D78A1F05C5AC}.Release|Any CPU.Build.0 = Release|Any CPU
		{55308D31-4F26-4A6F-9842-5AE6456C6FE2}.Debug|Any CPU.ActiveCfg = Debug|Any CPU
		{55308D31-4F26-4A6F-9842-5AE6456C6FE2}.Debug|Any CPU.Build.0 = Debug|Any CPU
		{55308D31-4F26-4A6F-9842-5AE6456C6FE2}.Release|Any CPU.ActiveCfg = Release|Any CPU
		{55308D31-4F26-4A6F-9842-5AE6456C6FE2}.Release|Any CPU.Build.0 = Release|Any CPU
		{919ACD47-6067-4A3A-AA29-A33DFF3A45C7}.Debug|Any CPU.ActiveCfg = Debug|Any CPU
		{919ACD47-6067-4A3A-AA29-A33DFF3A45C7}.Debug|Any CPU.Build.0 = Debug|Any CPU
		{919ACD47-6067-4A3A-AA29-A33DFF3A45C7}.Release|Any CPU.ActiveCfg = Release|Any CPU
		{919ACD47-6067-4A3A-AA29-A33DFF3A45C7}.Release|Any CPU.Build.0 = Release|Any CPU
		{F8EFB9F9-4407-4575-9437-7C7FE5712F43}.Debug|Any CPU.ActiveCfg = Debug|Any CPU
		{F8EFB9F9-4407-4575-9437-7C7FE5712F43}.Debug|Any CPU.Build.0 = Debug|Any CPU
		{F8EFB9F9-4407-4575-9437-7C7FE5712F43}.Release|Any CPU.ActiveCfg = Release|Any CPU
		{F8EFB9F9-4407-4575-9437-7C7FE5712F43}.Release|Any CPU.Build.0 = Release|Any CPU
		{143CF959-AB9C-4FA5-88B3-FE1C0409091A}.Debug|Any CPU.ActiveCfg = Debug|Any CPU
		{143CF959-AB9C-4FA5-88B3-FE1C0409091A}.Debug|Any CPU.Build.0 = Debug|Any CPU
		{143CF959-AB9C-4FA5-88B3-FE1C0409091A}.Release|Any CPU.ActiveCfg = Release|Any CPU
		{143CF959-AB9C-4FA5-88B3-FE1C0409091A}.Release|Any CPU.Build.0 = Release|Any CPU
		{AA6A2250-F91D-45CE-B8C5-968D8156FBC7}.Debug|Any CPU.ActiveCfg = Debug|Any CPU
		{AA6A2250-F91D-45CE-B8C5-968D8156FBC7}.Debug|Any CPU.Build.0 = Debug|Any CPU
		{AA6A2250-F91D-45CE-B8C5-968D8156FBC7}.Release|Any CPU.ActiveCfg = Release|Any CPU
		{AA6A2250-F91D-45CE-B8C5-968D8156FBC7}.Release|Any CPU.Build.0 = Release|Any CPU
	EndGlobalSection
	GlobalSection(SolutionProperties) = preSolution
		HideSolutionNode = FALSE
	EndGlobalSection
	GlobalSection(NestedProjects) = preSolution
		{779C608C-B8C7-48A4-959D-BDC198F0F8CF} = {87143600-5DC9-47BF-B4B1-0FF2B94D43F4}
		{FBD062C7-CC0B-4C75-A3B5-FB6FF19219E2} = {DCCB2D48-F2AE-434D-A880-38031E760CBA}
		{8899D6F3-4E01-49DD-A3D8-D53080EFB3E7} = {5CFE27C1-6753-46F8-9BC5-C842B9460751}
		{58193E71-8A8B-4203-8EE5-D78A1F05C5AC} = {0DB2904A-3016-4990-A9F0-7D3B1BE3B1C9}
		{55308D31-4F26-4A6F-9842-5AE6456C6FE2} = {5F24E93E-3151-40B3-8332-726A9696C00D}
		{919ACD47-6067-4A3A-AA29-A33DFF3A45C7} = {5F24E93E-3151-40B3-8332-726A9696C00D}
		{F8EFB9F9-4407-4575-9437-7C7FE5712F43} = {49305B13-1538-4784-9DE9-576BD5EE9BFE}
		{143CF959-AB9C-4FA5-88B3-FE1C0409091A} = {361FD641-97F1-4E13-9A7C-F95A03FAF544}
		{AA6A2250-F91D-45CE-B8C5-968D8156FBC7} = {E0AA0C83-5606-4C1E-8B13-6CD7D91A2024}
	EndGlobalSection
	GlobalSection(ExtensibilityGlobals) = postSolution
		SolutionGuid = {13B925D5-34E1-44AE-B0FE-D9513F640F44}
	EndGlobalSection
EndGlobal
